{
  "name": "ngkit",
  "version": "2.0.16-alpha",
  "lockfileVersion": 1,
  "requires": true,
  "dependencies": {
    "@angular/common": {
      "version": "9.0.0-rc.9",
      "resolved": "https://registry.npmjs.org/@angular/common/-/common-9.0.0-rc.9.tgz",
      "integrity": "sha512-HzR6AX0THLks88E1+LLsWW1N+kChKUh1gmx7e2Y4Zxl3BntdqA0FhrhR03sEfwzP7Wvd7nfZzncKNp94Z4tjhg==",
      "dev": true
    },
    "@angular/core": {
      "version": "9.0.0-rc.9",
      "resolved": "https://registry.npmjs.org/@angular/core/-/core-9.0.0-rc.9.tgz",
      "integrity": "sha512-roC9wykbRv+n+Uen1KbdHS8xpaCEAFAemZXj9ClsIAcx1t6S2Wiw6QsgyhZZg4BKxKrqQc3eMG4bd+xY/XcKrw==",
      "dev": true
    },
    "cookie-storage": {
      "version": "3.2.0",
      "resolved": "https://registry.npmjs.org/cookie-storage/-/cookie-storage-3.2.0.tgz",
      "integrity": "sha512-E2IlZrqJ00Y+9GLugfqyumcjXBtCkNWvX0opx0RUqaqvB67i6zzngrrFjeWNkJVhw0cO/ixThKLRDgDOak9eCw==",
      "dev": true
    },
    "immediate": {
      "version": "3.0.6",
      "resolved": "https://registry.npmjs.org/immediate/-/immediate-3.0.6.tgz",
      "integrity": "sha1-nbHb0Pr43m++D13V5Wu2BigN5ps=",
      "dev": true
    },
    "lie": {
      "version": "3.1.1",
      "resolved": "https://registry.npmjs.org/lie/-/lie-3.1.1.tgz",
      "integrity": "sha1-mkNrLMd0bKWd56QfpGmz77dr2H4=",
      "dev": true,
      "requires": {
        "immediate": "~3.0.5"
      }
    },
    "localforage": {
      "version": "1.7.3",
      "resolved": "https://registry.npmjs.org/localforage/-/localforage-1.7.3.tgz",
      "integrity": "sha512-1TulyYfc4udS7ECSBT2vwJksWbkwwTX8BzeUIiq8Y07Riy7bDAAnxDaPU/tWyOVmQAcWJIEIFP9lPfBGqVoPgQ==",
      "dev": true,
      "requires": {
        "lie": "3.1.1"
      }
    },
    "localforage-cordovasqlitedriver": {
      "version": "1.8.0",
      "resolved": "https://registry.npmjs.org/localforage-cordovasqlitedriver/-/localforage-cordovasqlitedriver-1.8.0.tgz",
      "integrity": "sha512-AeYiVPURow8gPAGHNOiGMS9rlgv81wUuQLtnyCP6Eh1mq+IsqNl9fwAOP+RiTi6aO/Wfy3TTWiW2WtbTdJaUnQ==",
      "dev": true,
      "requires": {
        "localforage": ">=1.5.0"
      }
    }
  }
}
